
Microsoft Visual Studio Solution File, Format Version 12.00
Project("{FAE04EC0-301F-11D3-BF4B-00C04F79EFBC}") = "AlgorithmsPractice", "AlgorithmsPractice\AlgorithmsPractice.csproj", "{1D6573B1-09C4-4792-BE1C-68AB8BF48DE6}"
EndProject
Global
	GlobalSection(SolutionConfigurationPlatforms) = preSolution
		Debug|Any CPU = Debug|Any CPU
		Release|Any CPU = Release|Any CPU
	EndGlobalSection
	GlobalSection(ProjectConfigurationPlatforms) = postSolution
		{1D6573B1-09C4-4792-BE1C-68AB8BF48DE6}.Debug|Any CPU.ActiveCfg = Debug|Any CPU
		{1D6573B1-09C4-4792-BE1C-68AB8BF48DE6}.Debug|Any CPU.Build.0 = Debug|Any CPU
		{1D6573B1-09C4-4792-BE1C-68AB8BF48DE6}.Release|Any CPU.ActiveCfg = Release|Any CPU
		{1D6573B1-09C4-4792-BE1C-68AB8BF48DE6}.Release|Any CPU.Build.0 = Release|Any CPU
	EndGlobalSection
EndGlobal
